
Microsoft Visual Studio Solution File, Format Version 12.00
# Visual Studio Version 17
VisualStudioVersion = 17.5.002.0
MinimumVisualStudioVersion = 10.0.40219.1
Project("{9A19103F-16F7-4668-BE54-9A1E7A4F7556}") = "TLEGenerator.Tests", "TLEGenerator.Tests\TLEGenerator.Tests.csproj", "{402CF7F0-966A-440F-A57B-3E72964A1993}"
EndProject
Project("{9A19103F-16F7-4668-BE54-9A1E7A4F7556}") = "TLEGenerator.Program", "TLEGenerator.Program\TLEGenerator.Program.csproj", "{4917CDF5-8B14-495B-A65F-6897B3B7645D}"
EndProject
Global
	GlobalSection(SolutionConfigurationPlatforms) = preSolution
		Debug|Any CPU = Debug|Any CPU
		Release|Any CPU = Release|Any CPU
	EndGlobalSection
	GlobalSection(ProjectConfigurationPlatforms) = postSolution
		{402CF7F0-966A-440F-A57B-3E72964A1993}.Debug|Any CPU.ActiveCfg = Debug|Any CPU
		{402CF7F0-966A-440F-A57B-3E72964A1993}.Debug|Any CPU.Build.0 = Debug|Any CPU
		{402CF7F0-966A-440F-A57B-3E72964A1993}.Release|Any CPU.ActiveCfg = Release|Any CPU
		{402CF7F0-966A-440F-A57B-3E72964A1993}.Release|Any CPU.Build.0 = Release|Any CPU
		{4917CDF5-8B14-495B-A65F-6897B3B7645D}.Debug|Any CPU.ActiveCfg = Debug|Any CPU
		{4917CDF5-8B14-495B-A65F-6897B3B7645D}.Debug|Any CPU.Build.0 = Debug|Any CPU
		{4917CDF5-8B14-495B-A65F-6897B3B7645D}.Release|Any CPU.ActiveCfg = Release|Any CPU
		{4917CDF5-8B14-495B-A65F-6897B3B7645D}.Release|Any CPU.Build.0 = Release|Any CPU
	EndGlobalSection
	GlobalSection(SolutionProperties) = preSolution
		HideSolutionNode = FALSE
	EndGlobalSection
	GlobalSection(ExtensibilityGlobals) = postSolution
		SolutionGuid = {6895FBC5-F858-4215-AFE7-3627B7BECFA2}
	EndGlobalSection
EndGlobal
